
Microsoft Visual Studio Solution File, Format Version 12.00
# Visual Studio Version 17
VisualStudioVersion = 17.9.34723.18
MinimumVisualStudioVersion = 10.0.40219.1
Project("{2150E333-8FDC-42A3-9474-1A3956D46DE8}") = "src", "src", "{C3FD856F-DBB8-424B-8FD4-EA7055167364}"
EndProject
Project("{2150E333-8FDC-42A3-9474-1A3956D46DE8}") = "Clients", "Clients", "{723975A5-A66D-48AE-BDB2-C9F988E0FE2B}"
EndProject
Project("{2150E333-8FDC-42A3-9474-1A3956D46DE8}") = "Tests", "Tests", "{8BBD358E-2319-433A-A107-E3F3E4E21747}"
EndProject
Project("{2150E333-8FDC-42A3-9474-1A3956D46DE8}") = "Service", "Service", "{17EAB1FA-2569-4197-AC1A-0A6EE37E1383}"
EndProject
Project("{2150E333-8FDC-42A3-9474-1A3956D46DE8}") = "Microservices", "Microservices", "{50C0766E-0019-4754-B2C5-E780C4FA94A9}"
EndProject
Project("{9A19103F-16F7-4668-BE54-9A1E7A4F7556}") = "Gateway", "src\Service\Gateway\Gateway.csproj", "{91A8E03F-7152-4733-904D-B797B6281E7B}"
EndProject
Project("{E53339B2-1760-4266-BCC7-CA923CBCF16C}") = "docker-compose", "docker-compose.dcproj", "{347D2054-D1AC-4DF5-A592-A98EC5EE0D2D}"
EndProject
Project("{2150E333-8FDC-42A3-9474-1A3956D46DE8}") = "Account", "Account", "{43E6C2DB-1294-48B2-9D73-055A8D9DE255}"
EndProject
Project("{9A19103F-16F7-4668-BE54-9A1E7A4F7556}") = "AccountAPI", "src\Service\Microservices\Account\AccountAPI\AccountAPI.csproj", "{2640C714-D4FB-4413-AC45-65AF50D37CAA}"
EndProject
Project("{9A19103F-16F7-4668-BE54-9A1E7A4F7556}") = "Account.Domain", "src\Service\Microservices\Account\Domain\Account.Domain.csproj", "{914FDA96-C297-4F14-8C05-D87657E79DB2}"
EndProject
Project("{9A19103F-16F7-4668-BE54-9A1E7A4F7556}") = "Account.Application", "src\Service\Microservices\Account\Account.Application\Account.Application.csproj", "{EB415A16-1674-4C4C-8677-B591D9B9BF6E}"
EndProject
Project("{9A19103F-16F7-4668-BE54-9A1E7A4F7556}") = "Account.Infrastructure", "src\Service\Microservices\Account\Account.Infrastructure\Account.Infrastructure.csproj", "{0566AAD1-D6BE-402A-9A9D-85E465B84B51}"
EndProject
Project("{2150E333-8FDC-42A3-9474-1A3956D46DE8}") = "Sherad", "Sherad", "{84359952-1712-4442-94E0-A97EAB98A5DC}"
EndProject
Project("{9A19103F-16F7-4668-BE54-9A1E7A4F7556}") = "Sherad.Domain", "src\Service\Sherad\Sherad.Domain\Sherad.Domain.csproj", "{D63702A8-CC4C-457F-AB6E-FB10A3122952}"
EndProject
Project("{9A19103F-16F7-4668-BE54-9A1E7A4F7556}") = "Sherad.Application", "src\Service\Sherad\Sherad.Application\Sherad.Application.csproj", "{9AF389B2-E3D7-478C-B7AE-68CE28358C15}"
EndProject
Project("{9A19103F-16F7-4668-BE54-9A1E7A4F7556}") = "Sherad.Infrastructure", "src\Service\Sherad\Sherad.Infrastructure\Sherad.Infrastructure.csproj", "{4339528A-95F7-4A98-A348-D492DE99582A}"
EndProject
Project("{2150E333-8FDC-42A3-9474-1A3956D46DE8}") = "Hospital", "Hospital", "{03E2DF59-9592-49DA-9214-A66B2F8652EA}"
EndProject
Project("{9A19103F-16F7-4668-BE54-9A1E7A4F7556}") = "HospitalAPI", "src\Service\Microservices\Hospital\HospitalAPI\HospitalAPI.csproj", "{8196D133-19B1-43F1-9260-ECCC02F58C7E}"
EndProject
Project("{9A19103F-16F7-4668-BE54-9A1E7A4F7556}") = "Hospital.Application", "src\Service\Microservices\Hospital\Hospital.Application\Hospital.Application.csproj", "{052D9699-D426-4478-9421-107562FA983F}"
EndProject
Project("{9A19103F-16F7-4668-BE54-9A1E7A4F7556}") = "Hospital.Domain", "src\Service\Microservices\Hospital\Hospital.Domain\Hospital.Domain.csproj", "{E7B2357D-1122-4F3F-B14E-FA6B94DD5345}"
EndProject
Project("{9A19103F-16F7-4668-BE54-9A1E7A4F7556}") = "Hospital.Infastructure", "src\Service\Microservices\Hospital\Hospital.Infastructure\Hospital.Infastructure.csproj", "{C0B6D0AD-EA1D-4497-BE67-F7D510867013}"
EndProject
Project("{2150E333-8FDC-42A3-9474-1A3956D46DE8}") = "Timetable", "Timetable", "{BF5ED5F7-40E2-4E01-8F65-EBF50881061C}"
EndProject
Project("{9A19103F-16F7-4668-BE54-9A1E7A4F7556}") = "Timetable.Domain", "src\Service\Microservices\Timetable\Timetable.Domain\Timetable.Domain.csproj", "{312AFE5C-1723-4A9D-8277-40522A07D1CD}"
EndProject
Project("{9A19103F-16F7-4668-BE54-9A1E7A4F7556}") = "Timetable.Application", "src\Service\Microservices\Timetable\Timetable.Application\Timetable.Application.csproj", "{A9DD665C-5463-4ECB-84C0-D44B6319A939}"
EndProject
Project("{9A19103F-16F7-4668-BE54-9A1E7A4F7556}") = "Timetable.Infastructure", "src\Service\Microservices\Timetable\Timetable.Infastructure\Timetable.Infastructure.csproj", "{6E288740-C521-41FD-85CC-A90DDF77D443}"
EndProject
Project("{9A19103F-16F7-4668-BE54-9A1E7A4F7556}") = "TimetableAPI", "src\Service\Microservices\Timetable\TimetableAPI\TimetableAPI.csproj", "{DC1B1BDD-2E43-4BD0-A781-31EF63ED252C}"
EndProject
Project("{2150E333-8FDC-42A3-9474-1A3956D46DE8}") = "History", "History", "{0E948670-2A11-4312-A89F-27ACB08CB705}"
EndProject
Project("{FAE04EC0-301F-11D3-BF4B-00C04F79EFBC}") = "HistoryAPI", "src\Service\Microservices\History\HistoryAPI\HistoryAPI.csproj", "{1B4401E9-DAFF-43E5-972B-AA6F110BAA51}"
EndProject
Project("{FAE04EC0-301F-11D3-BF4B-00C04F79EFBC}") = "History.Application", "src\Service\Microservices\History\History.Application\History.Application.csproj", "{7EDD569F-2818-40D6-B4C7-08FF42C7E3A0}"
EndProject
Project("{FAE04EC0-301F-11D3-BF4B-00C04F79EFBC}") = "History.Domain", "src\Service\Microservices\History\History.Domain\History.Domain.csproj", "{C319567D-FFFA-48DE-B4E4-562FF0E98C78}"
EndProject
Project("{FAE04EC0-301F-11D3-BF4B-00C04F79EFBC}") = "History.Infastructure", "src\Service\Microservices\History\History.Infastructure\History.Infastructure.csproj", "{BBFA11DE-58DD-4956-8B69-F94BBF3F4640}"
EndProject
Global
	GlobalSection(SolutionConfigurationPlatforms) = preSolution
		Debug|Any CPU = Debug|Any CPU
		Release|Any CPU = Release|Any CPU
	EndGlobalSection
	GlobalSection(ProjectConfigurationPlatforms) = postSolution
		{91A8E03F-7152-4733-904D-B797B6281E7B}.Debug|Any CPU.ActiveCfg = Debug|Any CPU
		{91A8E03F-7152-4733-904D-B797B6281E7B}.Debug|Any CPU.Build.0 = Debug|Any CPU
		{91A8E03F-7152-4733-904D-B797B6281E7B}.Release|Any CPU.ActiveCfg = Release|Any CPU
		{91A8E03F-7152-4733-904D-B797B6281E7B}.Release|Any CPU.Build.0 = Release|Any CPU
		{347D2054-D1AC-4DF5-A592-A98EC5EE0D2D}.Debug|Any CPU.ActiveCfg = Debug|Any CPU
		{347D2054-D1AC-4DF5-A592-A98EC5EE0D2D}.Debug|Any CPU.Build.0 = Debug|Any CPU
		{347D2054-D1AC-4DF5-A592-A98EC5EE0D2D}.Release|Any CPU.ActiveCfg = Release|Any CPU
		{347D2054-D1AC-4DF5-A592-A98EC5EE0D2D}.Release|Any CPU.Build.0 = Release|Any CPU
		{2640C714-D4FB-4413-AC45-65AF50D37CAA}.Debug|Any CPU.ActiveCfg = Debug|Any CPU
		{2640C714-D4FB-4413-AC45-65AF50D37CAA}.Debug|Any CPU.Build.0 = Debug|Any CPU
		{2640C714-D4FB-4413-AC45-65AF50D37CAA}.Release|Any CPU.ActiveCfg = Release|Any CPU
		{2640C714-D4FB-4413-AC45-65AF50D37CAA}.Release|Any CPU.Build.0 = Release|Any CPU
		{914FDA96-C297-4F14-8C05-D87657E79DB2}.Debug|Any CPU.ActiveCfg = Debug|Any CPU
		{914FDA96-C297-4F14-8C05-D87657E79DB2}.Debug|Any CPU.Build.0 = Debug|Any CPU
		{914FDA96-C297-4F14-8C05-D87657E79DB2}.Release|Any CPU.ActiveCfg = Release|Any CPU
		{914FDA96-C297-4F14-8C05-D87657E79DB2}.Release|Any CPU.Build.0 = Release|Any CPU
		{EB415A16-1674-4C4C-8677-B591D9B9BF6E}.Debug|Any CPU.ActiveCfg = Debug|Any CPU
		{EB415A16-1674-4C4C-8677-B591D9B9BF6E}.Debug|Any CPU.Build.0 = Debug|Any CPU
		{EB415A16-1674-4C4C-8677-B591D9B9BF6E}.Release|Any CPU.ActiveCfg = Release|Any CPU
		{EB415A16-1674-4C4C-8677-B591D9B9BF6E}.Release|Any CPU.Build.0 = Release|Any CPU
		{0566AAD1-D6BE-402A-9A9D-85E465B84B51}.Debug|Any CPU.ActiveCfg = Debug|Any CPU
		{0566AAD1-D6BE-402A-9A9D-85E465B84B51}.Debug|Any CPU.Build.0 = Debug|Any CPU
		{0566AAD1-D6BE-402A-9A9D-85E465B84B51}.Release|Any CPU.ActiveCfg = Release|Any CPU
		{0566AAD1-D6BE-402A-9A9D-85E465B84B51}.Release|Any CPU.Build.0 = Release|Any CPU
		{D63702A8-CC4C-457F-AB6E-FB10A3122952}.Debug|Any CPU.ActiveCfg = Debug|Any CPU
		{D63702A8-CC4C-457F-AB6E-FB10A3122952}.Debug|Any CPU.Build.0 = Debug|Any CPU
		{D63702A8-CC4C-457F-AB6E-FB10A3122952}.Release|Any CPU.ActiveCfg = Release|Any CPU
		{D63702A8-CC4C-457F-AB6E-FB10A3122952}.Release|Any CPU.Build.0 = Release|Any CPU
		{9AF389B2-E3D7-478C-B7AE-68CE28358C15}.Debug|Any CPU.ActiveCfg = Debug|Any CPU
		{9AF389B2-E3D7-478C-B7AE-68CE28358C15}.Debug|Any CPU.Build.0 = Debug|Any CPU
		{9AF389B2-E3D7-478C-B7AE-68CE28358C15}.Release|Any CPU.ActiveCfg = Release|Any CPU
		{9AF389B2-E3D7-478C-B7AE-68CE28358C15}.Release|Any CPU.Build.0 = Release|Any CPU
		{4339528A-95F7-4A98-A348-D492DE99582A}.Debug|Any CPU.ActiveCfg = Debug|Any CPU
		{4339528A-95F7-4A98-A348-D492DE99582A}.Debug|Any CPU.Build.0 = Debug|Any CPU
		{4339528A-95F7-4A98-A348-D492DE99582A}.Release|Any CPU.ActiveCfg = Release|Any CPU
		{4339528A-95F7-4A98-A348-D492DE99582A}.Release|Any CPU.Build.0 = Release|Any CPU
		{8196D133-19B1-43F1-9260-ECCC02F58C7E}.Debug|Any CPU.ActiveCfg = Debug|Any CPU
		{8196D133-19B1-43F1-9260-ECCC02F58C7E}.Debug|Any CPU.Build.0 = Debug|Any CPU
		{8196D133-19B1-43F1-9260-ECCC02F58C7E}.Release|Any CPU.ActiveCfg = Release|Any CPU
		{8196D133-19B1-43F1-9260-ECCC02F58C7E}.Release|Any CPU.Build.0 = Release|Any CPU
		{052D9699-D426-4478-9421-107562FA983F}.Debug|Any CPU.ActiveCfg = Debug|Any CPU
		{052D9699-D426-4478-9421-107562FA983F}.Debug|Any CPU.Build.0 = Debug|Any CPU
		{052D9699-D426-4478-9421-107562FA983F}.Release|Any CPU.ActiveCfg = Release|Any CPU
		{052D9699-D426-4478-9421-107562FA983F}.Release|Any CPU.Build.0 = Release|Any CPU
		{E7B2357D-1122-4F3F-B14E-FA6B94DD5345}.Debug|Any CPU.ActiveCfg = Debug|Any CPU
		{E7B2357D-1122-4F3F-B14E-FA6B94DD5345}.Debug|Any CPU.Build.0 = Debug|Any CPU
		{E7B2357D-1122-4F3F-B14E-FA6B94DD5345}.Release|Any CPU.ActiveCfg = Release|Any CPU
		{E7B2357D-1122-4F3F-B14E-FA6B94DD5345}.Release|Any CPU.Build.0 = Release|Any CPU
		{C0B6D0AD-EA1D-4497-BE67-F7D510867013}.Debug|Any CPU.ActiveCfg = Debug|Any CPU
		{C0B6D0AD-EA1D-4497-BE67-F7D510867013}.Debug|Any CPU.Build.0 = Debug|Any CPU
		{C0B6D0AD-EA1D-4497-BE67-F7D510867013}.Release|Any CPU.ActiveCfg = Release|Any CPU
		{C0B6D0AD-EA1D-4497-BE67-F7D510867013}.Release|Any CPU.Build.0 = Release|Any CPU
		{312AFE5C-1723-4A9D-8277-40522A07D1CD}.Debug|Any CPU.ActiveCfg = Debug|Any CPU
		{312AFE5C-1723-4A9D-8277-40522A07D1CD}.Debug|Any CPU.Build.0 = Debug|Any CPU
		{312AFE5C-1723-4A9D-8277-40522A07D1CD}.Release|Any CPU.ActiveCfg = Release|Any CPU
		{312AFE5C-1723-4A9D-8277-40522A07D1CD}.Release|Any CPU.Build.0 = Release|Any CPU
		{A9DD665C-5463-4ECB-84C0-D44B6319A939}.Debug|Any CPU.ActiveCfg = Debug|Any CPU
		{A9DD665C-5463-4ECB-84C0-D44B6319A939}.Debug|Any CPU.Build.0 = Debug|Any CPU
		{A9DD665C-5463-4ECB-84C0-D44B6319A939}.Release|Any CPU.ActiveCfg = Release|Any CPU
		{A9DD665C-5463-4ECB-84C0-D44B6319A939}.Release|Any CPU.Build.0 = Release|Any CPU
		{6E288740-C521-41FD-85CC-A90DDF77D443}.Debug|Any CPU.ActiveCfg = Debug|Any CPU
		{6E288740-C521-41FD-85CC-A90DDF77D443}.Debug|Any CPU.Build.0 = Debug|Any CPU
		{6E288740-C521-41FD-85CC-A90DDF77D443}.Release|Any CPU.ActiveCfg = Release|Any CPU
		{6E288740-C521-41FD-85CC-A90DDF77D443}.Release|Any CPU.Build.0 = Release|Any CPU
		{DC1B1BDD-2E43-4BD0-A781-31EF63ED252C}.Debug|Any CPU.ActiveCfg = Debug|Any CPU
		{DC1B1BDD-2E43-4BD0-A781-31EF63ED252C}.Debug|Any CPU.Build.0 = Debug|Any CPU
		{DC1B1BDD-2E43-4BD0-A781-31EF63ED252C}.Release|Any CPU.ActiveCfg = Release|Any CPU
		{DC1B1BDD-2E43-4BD0-A781-31EF63ED252C}.Release|Any CPU.Build.0 = Release|Any CPU
		{1B4401E9-DAFF-43E5-972B-AA6F110BAA51}.Debug|Any CPU.ActiveCfg = Debug|Any CPU
		{1B4401E9-DAFF-43E5-972B-AA6F110BAA51}.Debug|Any CPU.Build.0 = Debug|Any CPU
		{1B4401E9-DAFF-43E5-972B-AA6F110BAA51}.Release|Any CPU.ActiveCfg = Release|Any CPU
		{1B4401E9-DAFF-43E5-972B-AA6F110BAA51}.Release|Any CPU.Build.0 = Release|Any CPU
		{7EDD569F-2818-40D6-B4C7-08FF42C7E3A0}.Debug|Any CPU.ActiveCfg = Debug|Any CPU
		{7EDD569F-2818-40D6-B4C7-08FF42C7E3A0}.Debug|Any CPU.Build.0 = Debug|Any CPU
		{7EDD569F-2818-40D6-B4C7-08FF42C7E3A0}.Release|Any CPU.ActiveCfg = Release|Any CPU
		{7EDD569F-2818-40D6-B4C7-08FF42C7E3A0}.Release|Any CPU.Build.0 = Release|Any CPU
		{C319567D-FFFA-48DE-B4E4-562FF0E98C78}.Debug|Any CPU.ActiveCfg = Debug|Any CPU
		{C319567D-FFFA-48DE-B4E4-562FF0E98C78}.Debug|Any CPU.Build.0 = Debug|Any CPU
		{C319567D-FFFA-48DE-B4E4-562FF0E98C78}.Release|Any CPU.ActiveCfg = Release|Any CPU
		{C319567D-FFFA-48DE-B4E4-562FF0E98C78}.Release|Any CPU.Build.0 = Release|Any CPU
		{BBFA11DE-58DD-4956-8B69-F94BBF3F4640}.Debug|Any CPU.ActiveCfg = Debug|Any CPU
		{BBFA11DE-58DD-4956-8B69-F94BBF3F4640}.Debug|Any CPU.Build.0 = Debug|Any CPU
		{BBFA11DE-58DD-4956-8B69-F94BBF3F4640}.Release|Any CPU.ActiveCfg = Release|Any CPU
		{BBFA11DE-58DD-4956-8B69-F94BBF3F4640}.Release|Any CPU.Build.0 = Release|Any CPU
	EndGlobalSection
	GlobalSection(SolutionProperties) = preSolution
		HideSolutionNode = FALSE
	EndGlobalSection
	GlobalSection(NestedProjects) = preSolution
		{723975A5-A66D-48AE-BDB2-C9F988E0FE2B} = {C3FD856F-DBB8-424B-8FD4-EA7055167364}
		{8BBD358E-2319-433A-A107-E3F3E4E21747} = {C3FD856F-DBB8-424B-8FD4-EA7055167364}
		{17EAB1FA-2569-4197-AC1A-0A6EE37E1383} = {C3FD856F-DBB8-424B-8FD4-EA7055167364}
		{50C0766E-0019-4754-B2C5-E780C4FA94A9} = {17EAB1FA-2569-4197-AC1A-0A6EE37E1383}
		{91A8E03F-7152-4733-904D-B797B6281E7B} = {17EAB1FA-2569-4197-AC1A-0A6EE37E1383}
		{43E6C2DB-1294-48B2-9D73-055A8D9DE255} = {50C0766E-0019-4754-B2C5-E780C4FA94A9}
		{2640C714-D4FB-4413-AC45-65AF50D37CAA} = {43E6C2DB-1294-48B2-9D73-055A8D9DE255}
		{914FDA96-C297-4F14-8C05-D87657E79DB2} = {43E6C2DB-1294-48B2-9D73-055A8D9DE255}
		{EB415A16-1674-4C4C-8677-B591D9B9BF6E} = {43E6C2DB-1294-48B2-9D73-055A8D9DE255}
		{0566AAD1-D6BE-402A-9A9D-85E465B84B51} = {43E6C2DB-1294-48B2-9D73-055A8D9DE255}
		{84359952-1712-4442-94E0-A97EAB98A5DC} = {17EAB1FA-2569-4197-AC1A-0A6EE37E1383}
		{D63702A8-CC4C-457F-AB6E-FB10A3122952} = {84359952-1712-4442-94E0-A97EAB98A5DC}
		{9AF389B2-E3D7-478C-B7AE-68CE28358C15} = {84359952-1712-4442-94E0-A97EAB98A5DC}
		{4339528A-95F7-4A98-A348-D492DE99582A} = {84359952-1712-4442-94E0-A97EAB98A5DC}
		{03E2DF59-9592-49DA-9214-A66B2F8652EA} = {50C0766E-0019-4754-B2C5-E780C4FA94A9}
		{8196D133-19B1-43F1-9260-ECCC02F58C7E} = {03E2DF59-9592-49DA-9214-A66B2F8652EA}
		{052D9699-D426-4478-9421-107562FA983F} = {03E2DF59-9592-49DA-9214-A66B2F8652EA}
		{E7B2357D-1122-4F3F-B14E-FA6B94DD5345} = {03E2DF59-9592-49DA-9214-A66B2F8652EA}
		{C0B6D0AD-EA1D-4497-BE67-F7D510867013} = {03E2DF59-9592-49DA-9214-A66B2F8652EA}
		{BF5ED5F7-40E2-4E01-8F65-EBF50881061C} = {50C0766E-0019-4754-B2C5-E780C4FA94A9}
		{312AFE5C-1723-4A9D-8277-40522A07D1CD} = {BF5ED5F7-40E2-4E01-8F65-EBF50881061C}
		{A9DD665C-5463-4ECB-84C0-D44B6319A939} = {BF5ED5F7-40E2-4E01-8F65-EBF50881061C}
		{6E288740-C521-41FD-85CC-A90DDF77D443} = {BF5ED5F7-40E2-4E01-8F65-EBF50881061C}
		{DC1B1BDD-2E43-4BD0-A781-31EF63ED252C} = {BF5ED5F7-40E2-4E01-8F65-EBF50881061C}
		{0E948670-2A11-4312-A89F-27ACB08CB705} = {50C0766E-0019-4754-B2C5-E780C4FA94A9}
		{1B4401E9-DAFF-43E5-972B-AA6F110BAA51} = {0E948670-2A11-4312-A89F-27ACB08CB705}
		{7EDD569F-2818-40D6-B4C7-08FF42C7E3A0} = {0E948670-2A11-4312-A89F-27ACB08CB705}
		{C319567D-FFFA-48DE-B4E4-562FF0E98C78} = {0E948670-2A11-4312-A89F-27ACB08CB705}
		{BBFA11DE-58DD-4956-8B69-F94BBF3F4640} = {0E948670-2A11-4312-A89F-27ACB08CB705}
	EndGlobalSection
	GlobalSection(ExtensibilityGlobals) = postSolution
		SolutionGuid = {03682DF0-2953-4740-B624-E0CF0E74B032}
	EndGlobalSection
EndGlobal
